
Microsoft Visual Studio Solution File, Format Version 12.00
# Visual Studio 2017
Project("{FAE04EC0-301F-11D3-BF4B-00C04F79EFBC}") = "GameDev-Basics-Collection-master", "GameDev-Basics-Collection-master.csproj", "{76508F2D-A628-5721-4030-1989D8ED4684}"
EndProject
Project("{FAE04EC0-301F-11D3-BF4B-00C04F79EFBC}") = "GameDev-Basics-Collection-master.Plugins", "GameDev-Basics-Collection-master.Plugins.csproj", "{1F4ADCA3-7326-8D60-0D42-75C86F3030E4}"
EndProject
Project("{FAE04EC0-301F-11D3-BF4B-00C04F79EFBC}") = "GameDev-Basics-Collection-master.Editor.Plugins", "GameDev-Basics-Collection-master.Editor.Plugins.csproj", "{38244482-458C-0A2E-504B-BA23106CD0EC}"
EndProject
Project("{FAE04EC0-301F-11D3-BF4B-00C04F79EFBC}") = "GameDev-Basics-Collection-master.Editor", "GameDev-Basics-Collection-master.Editor.csproj", "{0D6B0A87-264E-1A73-D6E0-216762A206A9}"
EndProject
Global
	GlobalSection(SolutionConfigurationPlatforms) = preSolution
		Debug|Any CPU = Debug|Any CPU
		Release|Any CPU = Release|Any CPU
	EndGlobalSection
	GlobalSection(ProjectConfigurationPlatforms) = postSolution
		{76508F2D-A628-5721-4030-1989D8ED4684}.Debug|Any CPU.ActiveCfg = Debug|Any CPU
		{76508F2D-A628-5721-4030-1989D8ED4684}.Debug|Any CPU.Build.0 = Debug|Any CPU
		{76508F2D-A628-5721-4030-1989D8ED4684}.Release|Any CPU.ActiveCfg = Release|Any CPU
		{76508F2D-A628-5721-4030-1989D8ED4684}.Release|Any CPU.Build.0 = Release|Any CPU
		{1F4ADCA3-7326-8D60-0D42-75C86F3030E4}.Debug|Any CPU.ActiveCfg = Debug|Any CPU
		{1F4ADCA3-7326-8D60-0D42-75C86F3030E4}.Debug|Any CPU.Build.0 = Debug|Any CPU
		{1F4ADCA3-7326-8D60-0D42-75C86F3030E4}.Release|Any CPU.ActiveCfg = Release|Any CPU
		{1F4ADCA3-7326-8D60-0D42-75C86F3030E4}.Release|Any CPU.Build.0 = Release|Any CPU
		{38244482-458C-0A2E-504B-BA23106CD0EC}.Debug|Any CPU.ActiveCfg = Debug|Any CPU
		{38244482-458C-0A2E-504B-BA23106CD0EC}.Debug|Any CPU.Build.0 = Debug|Any CPU
		{38244482-458C-0A2E-504B-BA23106CD0EC}.Release|Any CPU.ActiveCfg = Release|Any CPU
		{38244482-458C-0A2E-504B-BA23106CD0EC}.Release|Any CPU.Build.0 = Release|Any CPU
		{0D6B0A87-264E-1A73-D6E0-216762A206A9}.Debug|Any CPU.ActiveCfg = Debug|Any CPU
		{0D6B0A87-264E-1A73-D6E0-216762A206A9}.Debug|Any CPU.Build.0 = Debug|Any CPU
		{0D6B0A87-264E-1A73-D6E0-216762A206A9}.Release|Any CPU.ActiveCfg = Release|Any CPU
		{0D6B0A87-264E-1A73-D6E0-216762A206A9}.Release|Any CPU.Build.0 = Release|Any CPU
	EndGlobalSection
	GlobalSection(SolutionProperties) = preSolution
		HideSolutionNode = FALSE
	EndGlobalSection
EndGlobal
